
Microsoft Visual Studio Solution File, Format Version 12.00
# Visual Studio Version 17
VisualStudioVersion = 17.5.002.0
MinimumVisualStudioVersion = 10.0.40219.1
Project("{9A19103F-16F7-4668-BE54-9A1E7A4F7556}") = "todo_api", "todo_api\todo_api.csproj", "{714F800F-1047-4BD9-96CC-FFEB31AD0ECD}"
EndProject
Global
	GlobalSection(SolutionConfigurationPlatforms) = preSolution
		Debug|Any CPU = Debug|Any CPU
		Release|Any CPU = Release|Any CPU
	EndGlobalSection
	GlobalSection(ProjectConfigurationPlatforms) = postSolution
		{714F800F-1047-4BD9-96CC-FFEB31AD0ECD}.Debug|Any CPU.ActiveCfg = Debug|Any CPU
		{714F800F-1047-4BD9-96CC-FFEB31AD0ECD}.Debug|Any CPU.Build.0 = Debug|Any CPU
		{714F800F-1047-4BD9-96CC-FFEB31AD0ECD}.Release|Any CPU.ActiveCfg = Release|Any CPU
		{714F800F-1047-4BD9-96CC-FFEB31AD0ECD}.Release|Any CPU.Build.0 = Release|Any CPU
	EndGlobalSection
	GlobalSection(SolutionProperties) = preSolution
		HideSolutionNode = FALSE
	EndGlobalSection
	GlobalSection(ExtensibilityGlobals) = postSolution
		SolutionGuid = {E8B14CA3-9280-4F02-993C-E58FCB9579D8}
	EndGlobalSection
EndGlobal
